
Microsoft Visual Studio Solution File, Format Version 12.00
Project("{FAE04EC0-301F-11D3-BF4B-00C04F79EFBC}") = "StaccChallengeWebApp", "StaccChallengeWebApp\StaccChallengeWebApp.csproj", "{E513904C-8CC7-457E-96E1-0B5624EE48D1}"
EndProject
Project("{FAE04EC0-301F-11D3-BF4B-00C04F79EFBC}") = "StaccChallengeWebApi", "StaccChallengeWebApi\StaccChallengeWebApi.csproj", "{93B0393A-F151-40DB-B510-DCDD7FB3D2B0}"
EndProject
Global
	GlobalSection(SolutionConfigurationPlatforms) = preSolution
		Debug|Any CPU = Debug|Any CPU
		Release|Any CPU = Release|Any CPU
	EndGlobalSection
	GlobalSection(ProjectConfigurationPlatforms) = postSolution
		{E513904C-8CC7-457E-96E1-0B5624EE48D1}.Debug|Any CPU.ActiveCfg = Debug|Any CPU
		{E513904C-8CC7-457E-96E1-0B5624EE48D1}.Debug|Any CPU.Build.0 = Debug|Any CPU
		{E513904C-8CC7-457E-96E1-0B5624EE48D1}.Release|Any CPU.ActiveCfg = Release|Any CPU
		{E513904C-8CC7-457E-96E1-0B5624EE48D1}.Release|Any CPU.Build.0 = Release|Any CPU
		{93B0393A-F151-40DB-B510-DCDD7FB3D2B0}.Debug|Any CPU.ActiveCfg = Debug|Any CPU
		{93B0393A-F151-40DB-B510-DCDD7FB3D2B0}.Debug|Any CPU.Build.0 = Debug|Any CPU
		{93B0393A-F151-40DB-B510-DCDD7FB3D2B0}.Release|Any CPU.ActiveCfg = Release|Any CPU
		{93B0393A-F151-40DB-B510-DCDD7FB3D2B0}.Release|Any CPU.Build.0 = Release|Any CPU
	EndGlobalSection
EndGlobal
